        "normalize.css": "^8.0.1",
        "p5": "^1.11.10"
        "@types/p5": "^1.7.6",
    "node_modules/p5": {
      "version": "1.11.10",
      "resolved": "https://registry.npmjs.org/p5/-/p5-1.11.10.tgz",
      "integrity": "sha512-lFe18Af+SUxyZyPkgza0DYhIV+Ymr1oD4w6Y0Bjhbi5TCaIktRys8xu847eH7epL/GZ1jATFekqW71/v4PvNGA==",
      "license": "LGPL-2.1"
    },
    "node_modules/@types/p5": {
      "version": "1.7.6",
      "resolved": "https://registry.npmjs.org/@types/p5/-/p5-1.7.6.tgz",
      "integrity": "sha512-6pLTOo0V3N5jZb5nTwjiv3lPHLK3Z/TjbhQUj8CTWXocUk1Z/f6OHTp3Pcwi1BhWnf5gqKUcyEb1gP0KIJuQgw==",
      "dev": true,
      "license": "MIT"
    },
