        "@storybook/addon-essentials": "^8.2.8",
        "@storybook/addon-links": "^8.2.8",
        "@storybook/blocks": "^8.2.8",
        "@storybook/builder-vite": "^8.2.8",
        "@storybook/html": "^8.2.8",
        "@storybook/html-vite": "^8.2.8",
        "storybook": "^8.2.8",
        "storybook-framework-qwik": "^0.4.0",
      "version": "1.5.5",
      "resolved": "https://registry.npmjs.org/@jridgewell/sourcemap-codec/-/sourcemap-codec-1.5.5.tgz",
      "integrity": "sha512-cYQ9310grqxueWbl+WuIUIaiUaDcj7WOq5fVhEljNVgRfOUhY9fy2zTvfoqWsnebh8Sl70VScFbICvJnLKB0Og==",
    "node_modules/@mdx-js/react": {
      "version": "3.1.1",
      "resolved": "https://registry.npmjs.org/@mdx-js/react/-/react-3.1.1.tgz",
      "integrity": "sha512-f++rKLQgUVYDAtECQ6fn/is15GkEH9+nZPM3MS0RcxVqoTfawHvDlSCH7JbMhAM6uJ32v3eXLvLmLvjGu7PTQw==",
      "dev": true,
      "license": "MIT",
      "dependencies": {
        "@types/mdx": "^2.0.0"
      },
      "funding": {
        "type": "opencollective",
        "url": "https://opencollective.com/unified"
      },
      "peerDependencies": {
        "@types/react": ">=16",
        "react": ">=16"
      }
    },
      "optional": true,
      "os": [
        "win32"
      ]
    },
    "node_modules/@storybook/addon-actions": {
      "version": "8.6.14",
      "resolved": "https://registry.npmjs.org/@storybook/addon-actions/-/addon-actions-8.6.14.tgz",
      "integrity": "sha512-mDQxylxGGCQSK7tJPkD144J8jWh9IU9ziJMHfB84PKpI/V5ZgqMDnpr2bssTrUaGDqU5e1/z8KcRF+Melhs9pQ==",
      "dev": true,
      "license": "MIT",
      "dependencies": {
        "@storybook/global": "^5.0.0",
        "@types/uuid": "^9.0.1",
        "dequal": "^2.0.2",
        "polished": "^4.2.2",
        "uuid": "^9.0.0"
      },
      "funding": {
        "type": "opencollective",
        "url": "https://opencollective.com/storybook"
      },
      "peerDependencies": {
        "storybook": "^8.6.14"
      }
    },
    "node_modules/@storybook/addon-actions/node_modules/uuid": {
      "version": "9.0.1",
      "resolved": "https://registry.npmjs.org/uuid/-/uuid-9.0.1.tgz",
      "integrity": "sha512-b+1eJOlsR9K8HJpow9Ok3fiWOWSIcIzXodvv0rQjVoOVNpWMpxf1wZNpt4y9h10odCNrqnYp1OBzRktckBe3sA==",
      "dev": true,
      "funding": [
        "https://github.com/sponsors/broofa",
        "https://github.com/sponsors/ctavan"
      ],
      "license": "MIT",
      "bin": {
        "uuid": "dist/bin/uuid"
      }
    },
    "node_modules/@storybook/addon-backgrounds": {
      "version": "8.6.14",
      "resolved": "https://registry.npmjs.org/@storybook/addon-backgrounds/-/addon-backgrounds-8.6.14.tgz",
      "integrity": "sha512-l9xS8qWe5n4tvMwth09QxH2PmJbCctEvBAc1tjjRasAfrd69f7/uFK4WhwJAstzBTNgTc8VXI4w8ZR97i1sFbg==",
      "dev": true,
      "license": "MIT",
      "dependencies": {
        "@storybook/global": "^5.0.0",
        "memoizerific": "^1.11.3",
        "ts-dedent": "^2.0.0"
      },
      "funding": {
        "type": "opencollective",
        "url": "https://opencollective.com/storybook"
      },
      "peerDependencies": {
        "storybook": "^8.6.14"
      }
    },
    "node_modules/@storybook/addon-controls": {
      "version": "8.6.14",
      "resolved": "https://registry.npmjs.org/@storybook/addon-controls/-/addon-controls-8.6.14.tgz",
      "integrity": "sha512-IiQpkNJdiRyA4Mq9mzjZlvQugL/aE7hNgVxBBGPiIZG6wb6Ht9hNnBYpap5ZXXFKV9p2qVI0FZK445ONmAa+Cw==",
      "dev": true,
      "license": "MIT",
      "dependencies": {
        "@storybook/global": "^5.0.0",
        "dequal": "^2.0.2",
        "ts-dedent": "^2.0.0"
      },
      "funding": {
        "type": "opencollective",
        "url": "https://opencollective.com/storybook"
      },
      "peerDependencies": {
        "storybook": "^8.6.14"
      }
    },
    "node_modules/@storybook/addon-docs": {
      "version": "8.6.14",
      "resolved": "https://registry.npmjs.org/@storybook/addon-docs/-/addon-docs-8.6.14.tgz",
      "integrity": "sha512-Obpd0OhAF99JyU5pp5ci17YmpcQtMNgqW2pTXV8jAiiipWpwO++hNDeQmLmlSXB399XjtRDOcDVkoc7rc6JzdQ==",
      "dev": true,
      "license": "MIT",
      "dependencies": {
        "@mdx-js/react": "^3.0.0",
        "@storybook/blocks": "8.6.14",
        "@storybook/csf-plugin": "8.6.14",
        "@storybook/react-dom-shim": "8.6.14",
        "react": "^16.8.0 || ^17.0.0 || ^18.0.0 || ^19.0.0",
        "react-dom": "^16.8.0 || ^17.0.0 || ^18.0.0 || ^19.0.0",
        "ts-dedent": "^2.0.0"
      },
      "funding": {
        "type": "opencollective",
        "url": "https://opencollective.com/storybook"
      },
      "peerDependencies": {
        "storybook": "^8.6.14"
      }
    },
    "node_modules/@storybook/addon-essentials": {
      "version": "8.6.14",
      "resolved": "https://registry.npmjs.org/@storybook/addon-essentials/-/addon-essentials-8.6.14.tgz",
      "integrity": "sha512-5ZZSHNaW9mXMOFkoPyc3QkoNGdJHETZydI62/OASR0lmPlJ1065TNigEo5dJddmZNn0/3bkE8eKMAzLnO5eIdA==",
      "dev": true,
      "license": "MIT",
      "dependencies": {
        "@storybook/addon-actions": "8.6.14",
        "@storybook/addon-backgrounds": "8.6.14",
        "@storybook/addon-controls": "8.6.14",
        "@storybook/addon-docs": "8.6.14",
        "@storybook/addon-highlight": "8.6.14",
        "@storybook/addon-measure": "8.6.14",
        "@storybook/addon-outline": "8.6.14",
        "@storybook/addon-toolbars": "8.6.14",
        "@storybook/addon-viewport": "8.6.14",
        "ts-dedent": "^2.0.0"
      },
      "funding": {
        "type": "opencollective",
        "url": "https://opencollective.com/storybook"
      },
      "peerDependencies": {
        "storybook": "^8.6.14"
      }
    },
    "node_modules/@storybook/addon-highlight": {
      "version": "8.6.14",
      "resolved": "https://registry.npmjs.org/@storybook/addon-highlight/-/addon-highlight-8.6.14.tgz",
      "integrity": "sha512-4H19OJlapkofiE9tM6K/vsepf4ir9jMm9T+zw5L85blJZxhKZIbJ6FO0TCG9PDc4iPt3L6+aq5B0X29s9zicNQ==",
      "dev": true,
      "license": "MIT",
      "dependencies": {
        "@storybook/global": "^5.0.0"
      },
      "funding": {
        "type": "opencollective",
        "url": "https://opencollective.com/storybook"
      },
      "peerDependencies": {
        "storybook": "^8.6.14"
      }
    },
    "node_modules/@storybook/addon-links": {
      "version": "8.6.14",
      "resolved": "https://registry.npmjs.org/@storybook/addon-links/-/addon-links-8.6.14.tgz",
      "integrity": "sha512-DRlXHIyZzOruAZkxmXfVgTF+4d6K27pFcH4cUsm3KT1AXuZbr23lb5iZHpUZoG6lmU85Sru4xCEgewSTXBIe1w==",
      "dev": true,
      "license": "MIT",
      "dependencies": {
        "@storybook/global": "^5.0.0",
        "ts-dedent": "^2.0.0"
      },
      "funding": {
        "type": "opencollective",
        "url": "https://opencollective.com/storybook"
      },
      "peerDependencies": {
        "react": "^16.8.0 || ^17.0.0 || ^18.0.0 || ^19.0.0-beta",
        "storybook": "^8.6.14"
      },
      "peerDependenciesMeta": {
        "react": {
          "optional": true
        }
      }
    },
    "node_modules/@storybook/addon-measure": {
      "version": "8.6.14",
      "resolved": "https://registry.npmjs.org/@storybook/addon-measure/-/addon-measure-8.6.14.tgz",
      "integrity": "sha512-1Tlyb72NX8aAqm6I6OICsUuGOP6hgnXcuFlXucyhKomPa6j3Eu2vKu561t/f0oGtAK2nO93Z70kVaEh5X+vaGw==",
      "dev": true,
      "license": "MIT",
      "dependencies": {
        "@storybook/global": "^5.0.0",
        "tiny-invariant": "^1.3.1"
      },
      "funding": {
        "type": "opencollective",
        "url": "https://opencollective.com/storybook"
      },
      "peerDependencies": {
        "storybook": "^8.6.14"
      }
    },
    "node_modules/@storybook/addon-outline": {
      "version": "8.6.14",
      "resolved": "https://registry.npmjs.org/@storybook/addon-outline/-/addon-outline-8.6.14.tgz",
      "integrity": "sha512-CW857JvN6OxGWElqjlzJO2S69DHf+xO3WsEfT5mT3ZtIjmsvRDukdWfDU9bIYUFyA2lFvYjncBGjbK+I91XR7w==",
      "dev": true,
      "license": "MIT",
      "dependencies": {
        "@storybook/global": "^5.0.0",
        "ts-dedent": "^2.0.0"
      },
      "funding": {
        "type": "opencollective",
        "url": "https://opencollective.com/storybook"
      },
      "peerDependencies": {
        "storybook": "^8.6.14"
      }
    },
    "node_modules/@storybook/addon-toolbars": {
      "version": "8.6.14",
      "resolved": "https://registry.npmjs.org/@storybook/addon-toolbars/-/addon-toolbars-8.6.14.tgz",
      "integrity": "sha512-W/wEXT8h3VyZTVfWK/84BAcjAxTdtRiAkT2KAN0nbSHxxB5KEM1MjKpKu2upyzzMa3EywITqbfy4dP6lpkVTwQ==",
      "dev": true,
      "license": "MIT",
      "funding": {
        "type": "opencollective",
        "url": "https://opencollective.com/storybook"
      },
      "peerDependencies": {
        "storybook": "^8.6.14"
      }
    },
    "node_modules/@storybook/addon-viewport": {
      "version": "8.6.14",
      "resolved": "https://registry.npmjs.org/@storybook/addon-viewport/-/addon-viewport-8.6.14.tgz",
      "integrity": "sha512-gNzVQbMqRC+/4uQTPI2ZrWuRHGquTMZpdgB9DrD88VTEjNudP+J6r8myLfr2VvGksBbUMHkGHMXHuIhrBEnXYA==",
      "dev": true,
      "license": "MIT",
      "dependencies": {
        "memoizerific": "^1.11.3"
      },
      "funding": {
        "type": "opencollective",
        "url": "https://opencollective.com/storybook"
      },
      "peerDependencies": {
        "storybook": "^8.6.14"
      }
    },
    "node_modules/@storybook/blocks": {
      "version": "8.6.14",
      "resolved": "https://registry.npmjs.org/@storybook/blocks/-/blocks-8.6.14.tgz",
      "integrity": "sha512-rBMHAfA39AGHgkrDze4RmsnQTMw1ND5fGWobr9pDcJdnDKWQWNRD7Nrlxj0gFlN3n4D9lEZhWGdFrCbku7FVAQ==",
      "dev": true,
      "license": "MIT",
      "dependencies": {
        "@storybook/icons": "^1.2.12",
        "ts-dedent": "^2.0.0"
      },
      "funding": {
        "type": "opencollective",
        "url": "https://opencollective.com/storybook"
      },
      "peerDependencies": {
        "react": "^16.8.0 || ^17.0.0 || ^18.0.0 || ^19.0.0",
        "react-dom": "^16.8.0 || ^17.0.0 || ^18.0.0 || ^19.0.0",
        "storybook": "^8.6.14"
      },
      "peerDependenciesMeta": {
        "react": {
          "optional": true
        },
        "react-dom": {
          "optional": true
        }
      }
    },
    "node_modules/@storybook/builder-vite": {
      "version": "8.6.14",
      "resolved": "https://registry.npmjs.org/@storybook/builder-vite/-/builder-vite-8.6.14.tgz",
      "integrity": "sha512-ajWYhy32ksBWxwWHrjwZzyC0Ii5ZTeu5lsqA95Q/EQBB0P5qWlHWGM3AVyv82Mz/ND03ebGy123uVwgf6olnYQ==",
      "dev": true,
      "license": "MIT",
      "dependencies": {
        "@storybook/csf-plugin": "8.6.14",
        "browser-assert": "^1.2.1",
        "ts-dedent": "^2.0.0"
      },
      "funding": {
        "type": "opencollective",
        "url": "https://opencollective.com/storybook"
      },
      "peerDependencies": {
        "storybook": "^8.6.14",
        "vite": "^4.0.0 || ^5.0.0 || ^6.0.0"
      }
    },
    "node_modules/@storybook/components": {
      "version": "8.6.14",
      "resolved": "https://registry.npmjs.org/@storybook/components/-/components-8.6.14.tgz",
      "integrity": "sha512-HNR2mC5I4Z5ek8kTrVZlIY/B8gJGs5b3XdZPBPBopTIN6U/YHXiDyOjY3JlaS4fSG1fVhp/Qp1TpMn1w/9m1pw==",
      "dev": true,
      "license": "MIT",
      "funding": {
        "type": "opencollective",
        "url": "https://opencollective.com/storybook"
      },
      "peerDependencies": {
        "storybook": "^8.2.0 || ^8.3.0-0 || ^8.4.0-0 || ^8.5.0-0 || ^8.6.0-0"
      }
    },
    "node_modules/@storybook/core": {
      "version": "8.6.14",
      "resolved": "https://registry.npmjs.org/@storybook/core/-/core-8.6.14.tgz",
      "integrity": "sha512-1P/w4FSNRqP8j3JQBOi3yGt8PVOgSRbP66Ok520T78eJBeqx9ukCfl912PQZ7SPbW3TIunBwLXMZOjZwBB/JmA==",
      "dev": true,
      "license": "MIT",
      "dependencies": {
        "@storybook/theming": "8.6.14",
        "better-opn": "^3.0.2",
        "browser-assert": "^1.2.1",
        "esbuild": "^0.18.0 || ^0.19.0 || ^0.20.0 || ^0.21.0 || ^0.22.0 || ^0.23.0 || ^0.24.0 || ^0.25.0",
        "esbuild-register": "^3.5.0",
        "jsdoc-type-pratt-parser": "^4.0.0",
        "process": "^0.11.10",
        "recast": "^0.23.5",
        "semver": "^7.6.2",
        "util": "^0.12.5",
        "ws": "^8.2.3"
      },
      "funding": {
        "type": "opencollective",
        "url": "https://opencollective.com/storybook"
      },
      "peerDependencies": {
        "prettier": "^2 || ^3"
      },
      "peerDependenciesMeta": {
        "prettier": {
          "optional": true
        }
      }
    },
    "node_modules/@storybook/csf-plugin": {
      "version": "8.6.14",
      "resolved": "https://registry.npmjs.org/@storybook/csf-plugin/-/csf-plugin-8.6.14.tgz",
      "integrity": "sha512-dErtc9teAuN+eelN8FojzFE635xlq9cNGGGEu0WEmMUQ4iJ8pingvBO1N8X3scz4Ry7KnxX++NNf3J3gpxS8qQ==",
      "dev": true,
      "license": "MIT",
      "dependencies": {
        "unplugin": "^1.3.1"
      },
      "funding": {
        "type": "opencollective",
        "url": "https://opencollective.com/storybook"
      },
      "peerDependencies": {
        "storybook": "^8.6.14"
      }
    },
    "node_modules/@storybook/docs-tools": {
      "version": "8.6.14",
      "resolved": "https://registry.npmjs.org/@storybook/docs-tools/-/docs-tools-8.6.14.tgz",
      "integrity": "sha512-wbNMhVEBwNGat3kIIdJSHLKeWxegvI9nIuAjAKU2ZUztbEPnmhVLLEQqghmk0dtyJDK/Ee08RGxi3dsueC34Rw==",
      "dev": true,
      "license": "MIT",
      "funding": {
        "type": "opencollective",
        "url": "https://opencollective.com/storybook"
      },
      "peerDependencies": {
        "storybook": "^8.2.0 || ^8.3.0-0 || ^8.4.0-0 || ^8.5.0-0 || ^8.6.0-0"
      }
    },
    "node_modules/@storybook/global": {
      "version": "5.0.0",
      "resolved": "https://registry.npmjs.org/@storybook/global/-/global-5.0.0.tgz",
      "integrity": "sha512-FcOqPAXACP0I3oJ/ws6/rrPT9WGhu915Cg8D02a9YxLo0DE9zI+a9A5gRGvmQ09fiWPukqI8ZAEoQEdWUKMQdQ==",
      "dev": true,
      "license": "MIT"
    },
    "node_modules/@storybook/html": {
      "version": "8.6.14",
      "resolved": "https://registry.npmjs.org/@storybook/html/-/html-8.6.14.tgz",
      "integrity": "sha512-Mbn5M7qsODJbVYMlDTduXQCj3uG2AXwwNJF2K9ttph/m6rnW2zn6ZPtSVi0HKc92C8tDdzws6Z8ibftRrmLcTw==",
      "dev": true,
      "license": "MIT",
      "dependencies": {
        "@storybook/components": "8.6.14",
        "@storybook/global": "^5.0.0",
        "@storybook/manager-api": "8.6.14",
        "@storybook/preview-api": "8.6.14",
        "@storybook/theming": "8.6.14",
        "ts-dedent": "^2.0.0"
      },
      "engines": {
        "node": ">=18.0.0"
      },
      "funding": {
        "type": "opencollective",
        "url": "https://opencollective.com/storybook"
      },
      "peerDependencies": {
        "storybook": "^8.6.14"
      }
    },
    "node_modules/@storybook/html-vite": {
      "version": "8.6.14",
      "resolved": "https://registry.npmjs.org/@storybook/html-vite/-/html-vite-8.6.14.tgz",
      "integrity": "sha512-uJW00aScUPahK9E63nX8kuPoRfdXZBOBxTq8ArI8SOO7hlt5DOSoISstQm/ifxo8ccobhGI723CwcLq4AwhDBg==",
      "dev": true,
      "license": "MIT",
      "dependencies": {
        "@storybook/builder-vite": "8.6.14",
        "@storybook/html": "8.6.14",
        "magic-string": "^0.30.0"
      },
      "engines": {
        "node": ">=18.0.0"
      },
      "funding": {
        "type": "opencollective",
        "url": "https://opencollective.com/storybook"
      },
      "peerDependencies": {
        "storybook": "^8.6.14"
      }
    },
    "node_modules/@storybook/html-vite/node_modules/magic-string": {
      "version": "0.30.18",
      "resolved": "https://registry.npmjs.org/magic-string/-/magic-string-0.30.18.tgz",
      "integrity": "sha512-yi8swmWbO17qHhwIBNeeZxTceJMeBvWJaId6dyvTSOwTipqeHhMhOrz6513r1sOKnpvQ7zkhlG8tPrpilwTxHQ==",
      "dev": true,
      "license": "MIT",
      "dependencies": {
        "@jridgewell/sourcemap-codec": "^1.5.5"
      }
    },
    "node_modules/@storybook/icons": {
      "version": "1.4.0",
      "resolved": "https://registry.npmjs.org/@storybook/icons/-/icons-1.4.0.tgz",
      "integrity": "sha512-Td73IeJxOyalzvjQL+JXx72jlIYHgs+REaHiREOqfpo3A2AYYG71AUbcv+lg7mEDIweKVCxsMQ0UKo634c8XeA==",
      "dev": true,
      "license": "MIT",
      "engines": {
        "node": ">=14.0.0"
      },
      "peerDependencies": {
        "react": "^16.8.0 || ^17.0.0 || ^18.0.0 || ^19.0.0-beta",
        "react-dom": "^16.8.0 || ^17.0.0 || ^18.0.0 || ^19.0.0-beta"
      }
    },
    "node_modules/@storybook/manager-api": {
      "version": "8.6.14",
      "resolved": "https://registry.npmjs.org/@storybook/manager-api/-/manager-api-8.6.14.tgz",
      "integrity": "sha512-ez0Zihuy17udLbfHZQXkGqwtep0mSGgHcNzGN7iZrMP1m+VmNo+7aGCJJdvXi7+iU3yq8weXSQFWg5DqWgLS7g==",
      "dev": true,
      "license": "MIT",
      "funding": {
        "type": "opencollective",
        "url": "https://opencollective.com/storybook"
      },
      "peerDependencies": {
        "storybook": "^8.2.0 || ^8.3.0-0 || ^8.4.0-0 || ^8.5.0-0 || ^8.6.0-0"
      }
    },
    "node_modules/@storybook/preview-api": {
      "version": "8.6.14",
      "resolved": "https://registry.npmjs.org/@storybook/preview-api/-/preview-api-8.6.14.tgz",
      "integrity": "sha512-2GhcCd4dNMrnD7eooEfvbfL4I83qAqEyO0CO7JQAmIO6Rxb9BsOLLI/GD5HkvQB73ArTJ+PT50rfaO820IExOQ==",
      "dev": true,
      "license": "MIT",
      "funding": {
        "type": "opencollective",
        "url": "https://opencollective.com/storybook"
      },
      "peerDependencies": {
        "storybook": "^8.2.0 || ^8.3.0-0 || ^8.4.0-0 || ^8.5.0-0 || ^8.6.0-0"
      }
    },
    "node_modules/@storybook/react-dom-shim": {
      "version": "8.6.14",
      "resolved": "https://registry.npmjs.org/@storybook/react-dom-shim/-/react-dom-shim-8.6.14.tgz",
      "integrity": "sha512-0hixr3dOy3f3M+HBofp3jtMQMS+sqzjKNgl7Arfuj3fvjmyXOks/yGjDImySR4imPtEllvPZfhiQNlejheaInw==",
      "dev": true,
      "license": "MIT",
      "funding": {
        "type": "opencollective",
        "url": "https://opencollective.com/storybook"
      },
      "peerDependencies": {
        "react": "^16.8.0 || ^17.0.0 || ^18.0.0 || ^19.0.0-beta",
        "react-dom": "^16.8.0 || ^17.0.0 || ^18.0.0 || ^19.0.0-beta",
        "storybook": "^8.6.14"
      }
    },
    "node_modules/@storybook/theming": {
      "version": "8.6.14",
      "resolved": "https://registry.npmjs.org/@storybook/theming/-/theming-8.6.14.tgz",
      "integrity": "sha512-r4y+LsiB37V5hzpQo+BM10PaCsp7YlZ0YcZzQP1OCkPlYXmUAFy2VvDKaFRpD8IeNPKug2u4iFm/laDEbs03dg==",
      "dev": true,
      "license": "MIT",
      "funding": {
        "type": "opencollective",
        "url": "https://opencollective.com/storybook"
      },
      "peerDependencies": {
        "storybook": "^8.2.0 || ^8.3.0-0 || ^8.4.0-0 || ^8.5.0-0 || ^8.6.0-0"
      }
    "node_modules/@types/react": {
      "version": "19.1.12",
      "resolved": "https://registry.npmjs.org/@types/react/-/react-19.1.12.tgz",
      "integrity": "sha512-cMoR+FoAf/Jyq6+Df2/Z41jISvGZZ2eTlnsaJRptmZ76Caldwy1odD4xTr/gNV9VLj0AWgg/nmkevIyUfIIq5w==",
      "dev": true,
      "license": "MIT",
      "peer": true,
      "dependencies": {
        "csstype": "^3.0.2"
      }
    },
    "node_modules/@types/uuid": {
      "version": "9.0.8",
      "resolved": "https://registry.npmjs.org/@types/uuid/-/uuid-9.0.8.tgz",
      "integrity": "sha512-jg+97EGIcY9AGHJJRaaPVgetKDsrTgbRjQ5Msgjh/DQKEFl0DtyRr/VCOyD1T2R1MNeWPK/u7JoGhlDZnKBAfA==",
      "dev": true,
      "license": "MIT"
    },
    "node_modules/ast-types": {
      "version": "0.16.1",
      "resolved": "https://registry.npmjs.org/ast-types/-/ast-types-0.16.1.tgz",
      "integrity": "sha512-6t10qk83GOG8p0vKmaCr8eiilZwO171AvbROMtvvNiwrTly62t+7XkA8RdIIVbpMhCASAsxgAzdRSwh6nw/5Dg==",
      "dev": true,
      "license": "MIT",
      "dependencies": {
        "tslib": "^2.0.1"
      },
      "engines": {
        "node": ">=4"
      }
    },
    "node_modules/better-opn": {
      "version": "3.0.2",
      "resolved": "https://registry.npmjs.org/better-opn/-/better-opn-3.0.2.tgz",
      "integrity": "sha512-aVNobHnJqLiUelTaHat9DZ1qM2w0C0Eym4LPI/3JxOnSokGVdsl1T1kN7TFvsEAD8G47A6VKQ0TVHqbBnYMJlQ==",
      "dev": true,
      "license": "MIT",
      "dependencies": {
        "open": "^8.0.4"
      },
      "engines": {
        "node": ">=12.0.0"
      }
    },
    "node_modules/browser-assert": {
      "version": "1.2.1",
      "resolved": "https://registry.npmjs.org/browser-assert/-/browser-assert-1.2.1.tgz",
      "integrity": "sha512-nfulgvOR6S4gt9UKCeGJOuSGBPGiFT6oQ/2UBnvTY/5aQ1PnksW72fhZkM30DzoRRv2WpwZf1vHHEr3mtuXIWQ==",
      "dev": true
    },
    "node_modules/define-lazy-prop": {
      "version": "2.0.0",
      "resolved": "https://registry.npmjs.org/define-lazy-prop/-/define-lazy-prop-2.0.0.tgz",
      "integrity": "sha512-Ds09qNh8yw3khSjiJjiUInaGX9xlqZDY7JVryGxdxV7NPeuqQfplOpQ66yJFZut3jLa5zOwkXw1g9EI2uKh4Og==",
      "dev": true,
      "license": "MIT",
      "engines": {
        "node": ">=8"
      }
    },
    "node_modules/esbuild-register": {
      "version": "3.6.0",
      "resolved": "https://registry.npmjs.org/esbuild-register/-/esbuild-register-3.6.0.tgz",
      "integrity": "sha512-H2/S7Pm8a9CL1uhp9OvjwrBh5Pvx0H8qVOxNu8Wed9Y7qv56MPtq+GGM8RJpq6glYJn9Wspr8uw7l55uyinNeg==",
      "dev": true,
      "license": "MIT",
      "dependencies": {
        "debug": "^4.3.4"
      },
      "peerDependencies": {
        "esbuild": ">=0.12 <1"
      }
    },
    "node_modules/esprima": {
      "version": "4.0.1",
      "resolved": "https://registry.npmjs.org/esprima/-/esprima-4.0.1.tgz",
      "integrity": "sha512-eGuFFw7Upda+g4p+QHvnW0RyTX/SVeJBDM/gCtMARO0cLuT2HcEKnTPvhjV6aGeqrCB/sbNop0Kszm0jsaWU4A==",
      "dev": true,
      "license": "BSD-2-Clause",
      "bin": {
        "esparse": "bin/esparse.js",
        "esvalidate": "bin/esvalidate.js"
      },
      "engines": {
        "node": ">=4"
      }
    },
    "node_modules/is-arguments": {
      "version": "1.2.0",
      "resolved": "https://registry.npmjs.org/is-arguments/-/is-arguments-1.2.0.tgz",
      "integrity": "sha512-7bVbi0huj/wrIAOzb8U1aszg9kdi3KN/CyU19CTI7tAoZYEZoL9yCDXpbXN+uPsuWnP02cyug1gleqq+TU+YCA==",
      "dev": true,
      "license": "MIT",
      "dependencies": {
        "call-bound": "^1.0.2",
        "has-tostringtag": "^1.0.2"
      },
      "engines": {
        "node": ">= 0.4"
      },
      "funding": {
        "url": "https://github.com/sponsors/ljharb"
      }
    },
    "node_modules/is-docker": {
      "version": "2.2.1",
      "resolved": "https://registry.npmjs.org/is-docker/-/is-docker-2.2.1.tgz",
      "integrity": "sha512-F+i2BKsFrH66iaUFc0woD8sLy8getkwTwtOBjvs56Cx4CgJDeKQeqfz8wAYiSb8JOprWhHH5p77PbmYCvvUuXQ==",
      "dev": true,
      "license": "MIT",
      "bin": {
        "is-docker": "cli.js"
      },
      "engines": {
        "node": ">=8"
      },
      "funding": {
        "url": "https://github.com/sponsors/sindresorhus"
      }
    },
    "node_modules/is-wsl": {
      "version": "2.2.0",
      "resolved": "https://registry.npmjs.org/is-wsl/-/is-wsl-2.2.0.tgz",
      "integrity": "sha512-fKzAra0rGJUUBwGBgNkHZuToZcn+TtXHpeCgmkMJMMYx1sQDYaCSyjJBSCa2nH1DGm7s3n1oBnohoVTBaN7Lww==",
      "dev": true,
      "license": "MIT",
      "dependencies": {
        "is-docker": "^2.0.0"
      },
      "engines": {
        "node": ">=8"
      }
    },
    "node_modules/jsdoc-type-pratt-parser": {
      "version": "4.8.0",
      "resolved": "https://registry.npmjs.org/jsdoc-type-pratt-parser/-/jsdoc-type-pratt-parser-4.8.0.tgz",
      "integrity": "sha512-iZ8Bdb84lWRuGHamRXFyML07r21pcwBrLkHEuHgEY5UbCouBwv7ECknDRKzsQIXMiqpPymqtIf8TC/shYKB5rw==",
      "dev": true,
      "license": "MIT",
      "engines": {
        "node": ">=12.0.0"
      }
    },
    "node_modules/map-or-similar": {
      "version": "1.5.0",
      "resolved": "https://registry.npmjs.org/map-or-similar/-/map-or-similar-1.5.0.tgz",
      "integrity": "sha512-0aF7ZmVon1igznGI4VS30yugpduQW3y3GkcgGJOp7d8x8QrizhigUxjI/m2UojsXXto+jLAH3KSz+xOJTiORjg==",
      "dev": true,
      "license": "MIT"
    },
    "node_modules/memoizerific": {
      "version": "1.11.3",
      "resolved": "https://registry.npmjs.org/memoizerific/-/memoizerific-1.11.3.tgz",
      "integrity": "sha512-/EuHYwAPdLtXwAwSZkh/Gutery6pD2KYd44oQLhAvQp/50mpyduZh8Q7PYHXTCJ+wuXxt7oij2LXyIJOOYFPog==",
      "dev": true,
      "license": "MIT",
      "dependencies": {
        "map-or-similar": "^1.5.0"
      }
    },
    "node_modules/open": {
      "version": "8.4.2",
      "resolved": "https://registry.npmjs.org/open/-/open-8.4.2.tgz",
      "integrity": "sha512-7x81NCL719oNbsq/3mh+hVrAWmFuEYUqrq/Iw3kUzH8ReypT9QQ0BLoJS7/G9k6N81XjW4qHWtjWwe/9eLy1EQ==",
      "dev": true,
      "license": "MIT",
      "dependencies": {
        "define-lazy-prop": "^2.0.0",
        "is-docker": "^2.1.1",
        "is-wsl": "^2.2.0"
      },
      "engines": {
        "node": ">=12"
      },
      "funding": {
        "url": "https://github.com/sponsors/sindresorhus"
      }
    },
    "node_modules/polished": {
      "version": "4.3.1",
      "resolved": "https://registry.npmjs.org/polished/-/polished-4.3.1.tgz",
      "integrity": "sha512-OBatVyC/N7SCW/FaDHrSd+vn0o5cS855TOmYi4OkdWUMSJCET/xip//ch8xGUvtr3i44X9LVyWwQlRMTN3pwSA==",
      "dev": true,
      "license": "MIT",
      "dependencies": {
        "@babel/runtime": "^7.17.8"
      },
      "engines": {
        "node": ">=10"
      }
    },
    "node_modules/react": {
      "version": "19.1.1",
      "resolved": "https://registry.npmjs.org/react/-/react-19.1.1.tgz",
      "integrity": "sha512-w8nqGImo45dmMIfljjMwOGtbmC/mk4CMYhWIicdSflH91J9TyCyczcPFXJzrZ/ZXcgGRFeP6BU0BEJTw6tZdfQ==",
      "dev": true,
      "license": "MIT",
      "engines": {
        "node": ">=0.10.0"
      }
    },
    "node_modules/react-docgen-typescript": {
      "version": "2.4.0",
      "resolved": "https://registry.npmjs.org/react-docgen-typescript/-/react-docgen-typescript-2.4.0.tgz",
      "integrity": "sha512-ZtAp5XTO5HRzQctjPU0ybY0RRCQO19X/8fxn3w7y2VVTUbGHDKULPTL4ky3vB05euSgG5NpALhEhDPvQ56wvXg==",
      "dev": true,
      "license": "MIT",
      "peerDependencies": {
        "typescript": ">= 4.3.x"
      }
    },
    "node_modules/react-dom": {
      "version": "19.1.1",
      "resolved": "https://registry.npmjs.org/react-dom/-/react-dom-19.1.1.tgz",
      "integrity": "sha512-Dlq/5LAZgF0Gaz6yiqZCf6VCcZs1ghAJyrsu84Q/GT0gV+mCxbfmKNoGRKBYMJ8IEdGPqu49YWXD02GCknEDkw==",
      "dev": true,
      "license": "MIT",
      "dependencies": {
        "scheduler": "^0.26.0"
      },
      "peerDependencies": {
        "react": "^19.1.1"
      }
    },
    "node_modules/recast": {
      "version": "0.23.11",
      "resolved": "https://registry.npmjs.org/recast/-/recast-0.23.11.tgz",
      "integrity": "sha512-YTUo+Flmw4ZXiWfQKGcwwc11KnoRAYgzAE2E7mXKCjSviTKShtxBsN6YUUBB2gtaBzKzeKunxhUwNHQuRryhWA==",
      "dev": true,
      "license": "MIT",
      "dependencies": {
        "ast-types": "^0.16.1",
        "esprima": "~4.0.0",
        "source-map": "~0.6.1",
        "tiny-invariant": "^1.3.3",
        "tslib": "^2.0.1"
      },
      "engines": {
        "node": ">= 4"
      }
    },
    "node_modules/recast/node_modules/source-map": {
      "version": "0.6.1",
      "resolved": "https://registry.npmjs.org/source-map/-/source-map-0.6.1.tgz",
      "integrity": "sha512-UjgapumWlbMhkBgzT7Ykc5YXUT46F0iKu8SGXq0bcwP5dz/h0Plj6enJqjz1Zbq2l5WaqYnrVbwWOWMyF3F47g==",
      "dev": true,
      "license": "BSD-3-Clause",
      "engines": {
        "node": ">=0.10.0"
      }
    },
    "node_modules/scheduler": {
      "version": "0.26.0",
      "resolved": "https://registry.npmjs.org/scheduler/-/scheduler-0.26.0.tgz",
      "integrity": "sha512-NlHwttCI/l5gCPR3D1nNXtWABUmBwvZpEQiD4IXSbIDq8BzLIK/7Ir5gTFSGZDUu37K5cMNp0hFtzO38sC7gWA==",
      "dev": true,
      "license": "MIT"
    },
    "node_modules/storybook": {
      "version": "8.6.14",
      "resolved": "https://registry.npmjs.org/storybook/-/storybook-8.6.14.tgz",
      "integrity": "sha512-sVKbCj/OTx67jhmauhxc2dcr1P+yOgz/x3h0krwjyMgdc5Oubvxyg4NYDZmzAw+ym36g/lzH8N0Ccp4dwtdfxw==",
      "dev": true,
      "license": "MIT",
      "dependencies": {
        "@storybook/core": "8.6.14"
      },
      "bin": {
        "getstorybook": "bin/index.cjs",
        "sb": "bin/index.cjs",
        "storybook": "bin/index.cjs"
      },
      "funding": {
        "type": "opencollective",
        "url": "https://opencollective.com/storybook"
      },
      "peerDependencies": {
        "prettier": "^2 || ^3"
      },
      "peerDependenciesMeta": {
        "prettier": {
          "optional": true
        }
      }
    },
    "node_modules/storybook-framework-qwik": {
      "version": "0.4.3",
      "resolved": "https://registry.npmjs.org/storybook-framework-qwik/-/storybook-framework-qwik-0.4.3.tgz",
      "integrity": "sha512-u4otjjOeCN3F4p7oCZdgsF80CmMljQPWS2zCUm9wfnv6/h1ZiqL/R7ffAUCUMTVKW+ER94y551gykEP5PwhcYg==",
      "dev": true,
      "license": "MIT",
      "dependencies": {
        "@storybook/builder-vite": "^7.6.16 || ^8.0.0",
        "@storybook/docs-tools": "^7.6.16 || ^8.0.0",
        "magic-string": "^0.30.7",
        "react-docgen-typescript": "^2.2.2"
      },
      "engines": {
        "node": "^14.18 || >=16"
      },
      "optionalDependencies": {
        "@builder.io/qwik-city": ">=1.4.1"
      },
      "peerDependencies": {
        "@builder.io/qwik": ">=0.15.2"
      }
    },
    "node_modules/storybook-framework-qwik/node_modules/magic-string": {
      "version": "0.30.18",
      "resolved": "https://registry.npmjs.org/magic-string/-/magic-string-0.30.18.tgz",
      "integrity": "sha512-yi8swmWbO17qHhwIBNeeZxTceJMeBvWJaId6dyvTSOwTipqeHhMhOrz6513r1sOKnpvQ7zkhlG8tPrpilwTxHQ==",
      "dev": true,
      "license": "MIT",
      "dependencies": {
        "@jridgewell/sourcemap-codec": "^1.5.5"
      }
    },
    "node_modules/tiny-invariant": {
      "version": "1.3.3",
      "resolved": "https://registry.npmjs.org/tiny-invariant/-/tiny-invariant-1.3.3.tgz",
      "integrity": "sha512-+FbBPE1o9QAYvviau/qC5SE3caw21q3xkvWKBtja5vgqOWIHHJ3ioaq1VPfn/Szqctz2bU/oYeKd9/z5BL+PVg==",
      "dev": true,
      "license": "MIT"
    },
    "node_modules/ts-dedent": {
      "version": "2.2.0",
      "resolved": "https://registry.npmjs.org/ts-dedent/-/ts-dedent-2.2.0.tgz",
      "integrity": "sha512-q5W7tVM71e2xjHZTlgfTDoPF/SmqKG5hddq9SzR49CH2hayqRKJtQ4mtRlSxKaJlR/+9rEM+mnBHf7I2/BQcpQ==",
      "dev": true,
      "license": "MIT",
      "engines": {
        "node": ">=6.10"
      }
    },
    "node_modules/unplugin": {
      "version": "1.16.1",
      "resolved": "https://registry.npmjs.org/unplugin/-/unplugin-1.16.1.tgz",
      "integrity": "sha512-4/u/j4FrCKdi17jaxuJA0jClGxB1AvU2hw/IuayPc4ay1XGaJs/rbb4v5WKwAjNifjmXK9PIFyuPiaK8azyR9w==",
      "dev": true,
      "license": "MIT",
      "dependencies": {
        "acorn": "^8.14.0",
        "webpack-virtual-modules": "^0.6.2"
      },
      "engines": {
        "node": ">=14.0.0"
      }
    },
    "node_modules/util": {
      "version": "0.12.5",
      "resolved": "https://registry.npmjs.org/util/-/util-0.12.5.tgz",
      "integrity": "sha512-kZf/K6hEIrWHI6XqOFUiiMa+79wE/D8Q+NCNAWclkyg3b4d2k7s0QGepNjiABc+aR3N1PAyHL7p6UcLY6LmrnA==",
      "dev": true,
      "license": "MIT",
      "dependencies": {
        "inherits": "^2.0.3",
        "is-arguments": "^1.0.4",
        "is-generator-function": "^1.0.7",
        "is-typed-array": "^1.1.3",
        "which-typed-array": "^1.1.2"
      }
    },
    "node_modules/webpack-virtual-modules": {
      "version": "0.6.2",
      "resolved": "https://registry.npmjs.org/webpack-virtual-modules/-/webpack-virtual-modules-0.6.2.tgz",
      "integrity": "sha512-66/V2i5hQanC51vBQKPH4aI8NMAcBW59FVBs+rC7eGHupMyfn34q7rZIE+ETlJ+XTevqfUhVVBgSUNSW2flEUQ==",
      "dev": true,
      "license": "MIT"
    },
    "node_modules/ws": {
      "version": "8.18.3",
      "resolved": "https://registry.npmjs.org/ws/-/ws-8.18.3.tgz",
      "integrity": "sha512-PEIGCY5tSlUt50cqyMXfCzX+oOPqN0vuGqWzbcJ2xvnkzkq46oOpz7dQaTDBdfICb4N14+GARUDw2XV2N4tvzg==",
      "dev": true,
      "license": "MIT",
      "engines": {
        "node": ">=10.0.0"
      },
      "peerDependencies": {
        "bufferutil": "^4.0.1",
        "utf-8-validate": ">=5.0.2"
      },
      "peerDependenciesMeta": {
        "bufferutil": {
          "optional": true
        },
        "utf-8-validate": {
          "optional": true
        }
      }
    },
